
Microsoft Visual Studio Solution File, Format Version 12.00
# Visual Studio Version 17
VisualStudioVersion = 17.5.002.0
MinimumVisualStudioVersion = 10.0.40219.1
Project("{9A19103F-16F7-4668-BE54-9A1E7A4F7556}") = "MyApp", "source\MyApp.csproj", "{E2DB6063-9091-4644-BD63-3074160884C6}"
EndProject
Global
	GlobalSection(SolutionConfigurationPlatforms) = preSolution
		Debug|Any CPU = Debug|Any CPU
		Release|Any CPU = Release|Any CPU
	EndGlobalSection
	GlobalSection(ProjectConfigurationPlatforms) = postSolution
		{E2DB6063-9091-4644-BD63-3074160884C6}.Debug|Any CPU.ActiveCfg = Debug|Any CPU
		{E2DB6063-9091-4644-BD63-3074160884C6}.Debug|Any CPU.Build.0 = Debug|Any CPU
		{E2DB6063-9091-4644-BD63-3074160884C6}.Release|Any CPU.ActiveCfg = Release|Any CPU
		{E2DB6063-9091-4644-BD63-3074160884C6}.Release|Any CPU.Build.0 = Release|Any CPU
	EndGlobalSection
	GlobalSection(SolutionProperties) = preSolution
		HideSolutionNode = FALSE
	EndGlobalSection
	GlobalSection(ExtensibilityGlobals) = postSolution
		SolutionGuid = {7FEAD2A9-6AB1-4560-BDCA-508944B04078}
	EndGlobalSection
EndGlobal
